
Microsoft Visual Studio Solution File, Format Version 12.00
# Visual Studio 15
VisualStudioVersion = 15.0.26124.0
MinimumVisualStudioVersion = 15.0.26124.0
Project("{2150E333-8FDC-42A3-9474-1A3956D46DE8}") = "Business", "Business", "{56D4156D-6FC4-44DB-ACB7-D95D72C11C97}"
EndProject
Project("{FAE04EC0-301F-11D3-BF4B-00C04F79EFBC}") = "Conductors", "Business\Conductors\Conductors.csproj", "{BEFC8A8A-FB9B-40BC-A3E3-3E48B49854FC}"
EndProject
Project("{FAE04EC0-301F-11D3-BF4B-00C04F79EFBC}") = "Core", "Business\Core\Core.csproj", "{D364762A-9D35-4181-A6BE-A5B6F363D36F}"
EndProject
Project("{2150E333-8FDC-42A3-9474-1A3956D46DE8}") = "Infrastructure", "Infrastructure", "{EF5B0846-BB54-4795-B3AF-97B85E82EACA}"
EndProject
Project("{FAE04EC0-301F-11D3-BF4B-00C04F79EFBC}") = "Data.SqlServer", "Infrastructure\Data.SqlServer\Data.SqlServer.csproj", "{EC065DDA-DB23-4E3A-8696-2A999E519D37}"
EndProject
Project("{FAE04EC0-301F-11D3-BF4B-00C04F79EFBC}") = "Workers.Hangfire", "Infrastructure\Workers.Hangfire\Workers.Hangfire.csproj", "{0D585C05-F461-428C-A55C-F04F63C2FAAE}"
EndProject
Project("{2150E333-8FDC-42A3-9474-1A3956D46DE8}") = "Presentation", "Presentation", "{42DDB777-9860-410C-85E9-29BABFD54D98}"
EndProject
Project("{FAE04EC0-301F-11D3-BF4B-00C04F79EFBC}") = "Cli", "Presentation\Cli\Cli.csproj", "{4E6C805F-2DD2-4729-944D-68329E26CF0E}"
EndProject
Project("{FAE04EC0-301F-11D3-BF4B-00C04F79EFBC}") = "Web", "Presentation\Web\Web.csproj", "{0165A3C9-C7DD-4792-9A62-EC92B364E4A1}"
EndProject
Project("{FAE04EC0-301F-11D3-BF4B-00C04F79EFBC}") = "Worker", "Presentation\Worker\Worker.csproj", "{B7AACB85-039A-4444-BED8-0E95685451E7}"
EndProject
Project("{2150E333-8FDC-42A3-9474-1A3956D46DE8}") = "Tests", "Tests", "{F92146C3-7900-426A-AE33-56A6106682DA}"
EndProject
Project("{FAE04EC0-301F-11D3-BF4B-00C04F79EFBC}") = "Testing", "Tests\Testing\Testing.csproj", "{32C5372F-ABE8-4FEE-81A5-696949280574}"
EndProject
Project("{2150E333-8FDC-42A3-9474-1A3956D46DE8}") = "Business", "Business", "{52475DD4-A9E3-4FF4-B094-4B17A8DF00A8}"
EndProject
Project("{FAE04EC0-301F-11D3-BF4B-00C04F79EFBC}") = "Conductors.Tests", "Tests\Business\Conductors.Tests\Conductors.Tests.csproj", "{E8F0F9C0-CE8B-4FF3-82E2-F0CC08C205A8}"
EndProject
Project("{FAE04EC0-301F-11D3-BF4B-00C04F79EFBC}") = "Core.Tests", "Tests\Business\Core.Tests\Core.Tests.csproj", "{B01E86F0-785A-42C7-9D07-6BFF2D34B9D8}"
EndProject
Project("{2150E333-8FDC-42A3-9474-1A3956D46DE8}") = "Infrastructure", "Infrastructure", "{0BBB9B4C-CAA5-49FE-A5C2-E2B4C16CBC9E}"
EndProject
Project("{FAE04EC0-301F-11D3-BF4B-00C04F79EFBC}") = "Data.SqlServer.Tests", "Tests\Infrastructure\Data.SqlServer.Tests\Data.SqlServer.Tests.csproj", "{D66F8B2C-29FA-4BC2-8199-BA6B79E47F2B}"
EndProject
Project("{2150E333-8FDC-42A3-9474-1A3956D46DE8}") = "Presentation", "Presentation", "{1996D1B4-2A7A-4533-AA4F-E972D4CA19D5}"
EndProject
Project("{FAE04EC0-301F-11D3-BF4B-00C04F79EFBC}") = "Cli.Tests", "Tests\Presentation\Cli.Tests\Cli.Tests.csproj", "{F58318A6-58D7-473D-8A49-187167232247}"
EndProject
Project("{FAE04EC0-301F-11D3-BF4B-00C04F79EFBC}") = "Web.Tests", "Tests\Presentation\Web.Tests\Web.Tests.csproj", "{3D73C97A-748A-4142-83F9-0B6FC06E6381}"
EndProject
Project("{FAE04EC0-301F-11D3-BF4B-00C04F79EFBC}") = "Worker.Tests", "Tests\Presentation\Worker.Tests\Worker.Tests.csproj", "{D0AEB074-9AFC-424D-97F7-7569EEA65463}"
EndProject

Global
	GlobalSection(SolutionConfigurationPlatforms) = preSolution
		Debug|Any CPU = Debug|Any CPU
		Debug|x64 = Debug|x64
		Debug|x86 = Debug|x86
		Release|Any CPU = Release|Any CPU
		Release|x64 = Release|x64
		Release|x86 = Release|x86
	EndGlobalSection
	GlobalSection(SolutionProperties) = preSolution
		HideSolutionNode = FALSE
	EndGlobalSection
	GlobalSection(ProjectConfigurationPlatforms) = postSolution
		{BEFC8A8A-FB9B-40BC-A3E3-3E48B49854FC}.Debug|Any CPU.ActiveCfg = Debug|Any CPU
		{BEFC8A8A-FB9B-40BC-A3E3-3E48B49854FC}.Debug|Any CPU.Build.0 = Debug|Any CPU
		{BEFC8A8A-FB9B-40BC-A3E3-3E48B49854FC}.Debug|x64.ActiveCfg = Debug|Any CPU
		{BEFC8A8A-FB9B-40BC-A3E3-3E48B49854FC}.Debug|x64.Build.0 = Debug|Any CPU
		{BEFC8A8A-FB9B-40BC-A3E3-3E48B49854FC}.Debug|x86.ActiveCfg = Debug|Any CPU
		{BEFC8A8A-FB9B-40BC-A3E3-3E48B49854FC}.Debug|x86.Build.0 = Debug|Any CPU
		{BEFC8A8A-FB9B-40BC-A3E3-3E48B49854FC}.Release|Any CPU.ActiveCfg = Release|Any CPU
		{BEFC8A8A-FB9B-40BC-A3E3-3E48B49854FC}.Release|Any CPU.Build.0 = Release|Any CPU
		{BEFC8A8A-FB9B-40BC-A3E3-3E48B49854FC}.Release|x64.ActiveCfg = Release|Any CPU
		{BEFC8A8A-FB9B-40BC-A3E3-3E48B49854FC}.Release|x64.Build.0 = Release|Any CPU
		{BEFC8A8A-FB9B-40BC-A3E3-3E48B49854FC}.Release|x86.ActiveCfg = Release|Any CPU
		{BEFC8A8A-FB9B-40BC-A3E3-3E48B49854FC}.Release|x86.Build.0 = Release|Any CPU
		{D364762A-9D35-4181-A6BE-A5B6F363D36F}.Debug|Any CPU.ActiveCfg = Debug|Any CPU
		{D364762A-9D35-4181-A6BE-A5B6F363D36F}.Debug|Any CPU.Build.0 = Debug|Any CPU
		{D364762A-9D35-4181-A6BE-A5B6F363D36F}.Debug|x64.ActiveCfg = Debug|Any CPU
		{D364762A-9D35-4181-A6BE-A5B6F363D36F}.Debug|x64.Build.0 = Debug|Any CPU
		{D364762A-9D35-4181-A6BE-A5B6F363D36F}.Debug|x86.ActiveCfg = Debug|Any CPU
		{D364762A-9D35-4181-A6BE-A5B6F363D36F}.Debug|x86.Build.0 = Debug|Any CPU
		{D364762A-9D35-4181-A6BE-A5B6F363D36F}.Release|Any CPU.ActiveCfg = Release|Any CPU
		{D364762A-9D35-4181-A6BE-A5B6F363D36F}.Release|Any CPU.Build.0 = Release|Any CPU
		{D364762A-9D35-4181-A6BE-A5B6F363D36F}.Release|x64.ActiveCfg = Release|Any CPU
		{D364762A-9D35-4181-A6BE-A5B6F363D36F}.Release|x64.Build.0 = Release|Any CPU
		{D364762A-9D35-4181-A6BE-A5B6F363D36F}.Release|x86.ActiveCfg = Release|Any CPU
		{D364762A-9D35-4181-A6BE-A5B6F363D36F}.Release|x86.Build.0 = Release|Any CPU
		{EC065DDA-DB23-4E3A-8696-2A999E519D37}.Debug|Any CPU.ActiveCfg = Debug|Any CPU
		{EC065DDA-DB23-4E3A-8696-2A999E519D37}.Debug|Any CPU.Build.0 = Debug|Any CPU
		{EC065DDA-DB23-4E3A-8696-2A999E519D37}.Debug|x64.ActiveCfg = Debug|Any CPU
		{EC065DDA-DB23-4E3A-8696-2A999E519D37}.Debug|x64.Build.0 = Debug|Any CPU
		{EC065DDA-DB23-4E3A-8696-2A999E519D37}.Debug|x86.ActiveCfg = Debug|Any CPU
		{EC065DDA-DB23-4E3A-8696-2A999E519D37}.Debug|x86.Build.0 = Debug|Any CPU
		{EC065DDA-DB23-4E3A-8696-2A999E519D37}.Release|Any CPU.ActiveCfg = Release|Any CPU
		{EC065DDA-DB23-4E3A-8696-2A999E519D37}.Release|Any CPU.Build.0 = Release|Any CPU
		{EC065DDA-DB23-4E3A-8696-2A999E519D37}.Release|x64.ActiveCfg = Release|Any CPU
		{EC065DDA-DB23-4E3A-8696-2A999E519D37}.Release|x64.Build.0 = Release|Any CPU
		{EC065DDA-DB23-4E3A-8696-2A999E519D37}.Release|x86.ActiveCfg = Release|Any CPU
		{EC065DDA-DB23-4E3A-8696-2A999E519D37}.Release|x86.Build.0 = Release|Any CPU
		{0D585C05-F461-428C-A55C-F04F63C2FAAE}.Debug|Any CPU.ActiveCfg = Debug|Any CPU
		{0D585C05-F461-428C-A55C-F04F63C2FAAE}.Debug|Any CPU.Build.0 = Debug|Any CPU
		{0D585C05-F461-428C-A55C-F04F63C2FAAE}.Debug|x64.ActiveCfg = Debug|Any CPU
		{0D585C05-F461-428C-A55C-F04F63C2FAAE}.Debug|x64.Build.0 = Debug|Any CPU
		{0D585C05-F461-428C-A55C-F04F63C2FAAE}.Debug|x86.ActiveCfg = Debug|Any CPU
		{0D585C05-F461-428C-A55C-F04F63C2FAAE}.Debug|x86.Build.0 = Debug|Any CPU
		{0D585C05-F461-428C-A55C-F04F63C2FAAE}.Release|Any CPU.ActiveCfg = Release|Any CPU
		{0D585C05-F461-428C-A55C-F04F63C2FAAE}.Release|Any CPU.Build.0 = Release|Any CPU
		{0D585C05-F461-428C-A55C-F04F63C2FAAE}.Release|x64.ActiveCfg = Release|Any CPU
		{0D585C05-F461-428C-A55C-F04F63C2FAAE}.Release|x64.Build.0 = Release|Any CPU
		{0D585C05-F461-428C-A55C-F04F63C2FAAE}.Release|x86.ActiveCfg = Release|Any CPU
		{0D585C05-F461-428C-A55C-F04F63C2FAAE}.Release|x86.Build.0 = Release|Any CPU
		{4E6C805F-2DD2-4729-944D-68329E26CF0E}.Debug|Any CPU.ActiveCfg = Debug|Any CPU
		{4E6C805F-2DD2-4729-944D-68329E26CF0E}.Debug|Any CPU.Build.0 = Debug|Any CPU
		{4E6C805F-2DD2-4729-944D-68329E26CF0E}.Debug|x64.ActiveCfg = Debug|Any CPU
		{4E6C805F-2DD2-4729-944D-68329E26CF0E}.Debug|x64.Build.0 = Debug|Any CPU
		{4E6C805F-2DD2-4729-944D-68329E26CF0E}.Debug|x86.ActiveCfg = Debug|Any CPU
		{4E6C805F-2DD2-4729-944D-68329E26CF0E}.Debug|x86.Build.0 = Debug|Any CPU
		{4E6C805F-2DD2-4729-944D-68329E26CF0E}.Release|Any CPU.ActiveCfg = Release|Any CPU
		{4E6C805F-2DD2-4729-944D-68329E26CF0E}.Release|Any CPU.Build.0 = Release|Any CPU
		{4E6C805F-2DD2-4729-944D-68329E26CF0E}.Release|x64.ActiveCfg = Release|Any CPU
		{4E6C805F-2DD2-4729-944D-68329E26CF0E}.Release|x64.Build.0 = Release|Any CPU
		{4E6C805F-2DD2-4729-944D-68329E26CF0E}.Release|x86.ActiveCfg = Release|Any CPU
		{4E6C805F-2DD2-4729-944D-68329E26CF0E}.Release|x86.Build.0 = Release|Any CPU
		{0165A3C9-C7DD-4792-9A62-EC92B364E4A1}.Debug|Any CPU.ActiveCfg = Debug|Any CPU
		{0165A3C9-C7DD-4792-9A62-EC92B364E4A1}.Debug|Any CPU.Build.0 = Debug|Any CPU
		{0165A3C9-C7DD-4792-9A62-EC92B364E4A1}.Debug|x64.ActiveCfg = Debug|Any CPU
		{0165A3C9-C7DD-4792-9A62-EC92B364E4A1}.Debug|x64.Build.0 = Debug|Any CPU
		{0165A3C9-C7DD-4792-9A62-EC92B364E4A1}.Debug|x86.ActiveCfg = Debug|Any CPU
		{0165A3C9-C7DD-4792-9A62-EC92B364E4A1}.Debug|x86.Build.0 = Debug|Any CPU
		{0165A3C9-C7DD-4792-9A62-EC92B364E4A1}.Release|Any CPU.ActiveCfg = Release|Any CPU
		{0165A3C9-C7DD-4792-9A62-EC92B364E4A1}.Release|Any CPU.Build.0 = Release|Any CPU
		{0165A3C9-C7DD-4792-9A62-EC92B364E4A1}.Release|x64.ActiveCfg = Release|Any CPU
		{0165A3C9-C7DD-4792-9A62-EC92B364E4A1}.Release|x64.Build.0 = Release|Any CPU
		{0165A3C9-C7DD-4792-9A62-EC92B364E4A1}.Release|x86.ActiveCfg = Release|Any CPU
		{0165A3C9-C7DD-4792-9A62-EC92B364E4A1}.Release|x86.Build.0 = Release|Any CPU
		{B7AACB85-039A-4444-BED8-0E95685451E7}.Debug|Any CPU.ActiveCfg = Debug|Any CPU
		{B7AACB85-039A-4444-BED8-0E95685451E7}.Debug|Any CPU.Build.0 = Debug|Any CPU
		{B7AACB85-039A-4444-BED8-0E95685451E7}.Debug|x64.ActiveCfg = Debug|Any CPU
		{B7AACB85-039A-4444-BED8-0E95685451E7}.Debug|x64.Build.0 = Debug|Any CPU
		{B7AACB85-039A-4444-BED8-0E95685451E7}.Debug|x86.ActiveCfg = Debug|Any CPU
		{B7AACB85-039A-4444-BED8-0E95685451E7}.Debug|x86.Build.0 = Debug|Any CPU
		{B7AACB85-039A-4444-BED8-0E95685451E7}.Release|Any CPU.ActiveCfg = Release|Any CPU
		{B7AACB85-039A-4444-BED8-0E95685451E7}.Release|Any CPU.Build.0 = Release|Any CPU
		{B7AACB85-039A-4444-BED8-0E95685451E7}.Release|x64.ActiveCfg = Release|Any CPU
		{B7AACB85-039A-4444-BED8-0E95685451E7}.Release|x64.Build.0 = Release|Any CPU
		{B7AACB85-039A-4444-BED8-0E95685451E7}.Release|x86.ActiveCfg = Release|Any CPU
		{B7AACB85-039A-4444-BED8-0E95685451E7}.Release|x86.Build.0 = Release|Any CPU
		{32C5372F-ABE8-4FEE-81A5-696949280574}.Debug|Any CPU.ActiveCfg = Debug|Any CPU
		{32C5372F-ABE8-4FEE-81A5-696949280574}.Debug|Any CPU.Build.0 = Debug|Any CPU
		{32C5372F-ABE8-4FEE-81A5-696949280574}.Debug|x64.ActiveCfg = Debug|Any CPU
		{32C5372F-ABE8-4FEE-81A5-696949280574}.Debug|x64.Build.0 = Debug|Any CPU
		{32C5372F-ABE8-4FEE-81A5-696949280574}.Debug|x86.ActiveCfg = Debug|Any CPU
		{32C5372F-ABE8-4FEE-81A5-696949280574}.Debug|x86.Build.0 = Debug|Any CPU
		{32C5372F-ABE8-4FEE-81A5-696949280574}.Release|Any CPU.ActiveCfg = Release|Any CPU
		{32C5372F-ABE8-4FEE-81A5-696949280574}.Release|Any CPU.Build.0 = Release|Any CPU
		{32C5372F-ABE8-4FEE-81A5-696949280574}.Release|x64.ActiveCfg = Release|Any CPU
		{32C5372F-ABE8-4FEE-81A5-696949280574}.Release|x64.Build.0 = Release|Any CPU
		{32C5372F-ABE8-4FEE-81A5-696949280574}.Release|x86.ActiveCfg = Release|Any CPU
		{32C5372F-ABE8-4FEE-81A5-696949280574}.Release|x86.Build.0 = Release|Any CPU
		{E8F0F9C0-CE8B-4FF3-82E2-F0CC08C205A8}.Debug|Any CPU.ActiveCfg = Debug|Any CPU
		{E8F0F9C0-CE8B-4FF3-82E2-F0CC08C205A8}.Debug|Any CPU.Build.0 = Debug|Any CPU
		{E8F0F9C0-CE8B-4FF3-82E2-F0CC08C205A8}.Debug|x64.ActiveCfg = Debug|Any CPU
		{E8F0F9C0-CE8B-4FF3-82E2-F0CC08C205A8}.Debug|x64.Build.0 = Debug|Any CPU
		{E8F0F9C0-CE8B-4FF3-82E2-F0CC08C205A8}.Debug|x86.ActiveCfg = Debug|Any CPU
		{E8F0F9C0-CE8B-4FF3-82E2-F0CC08C205A8}.Debug|x86.Build.0 = Debug|Any CPU
		{E8F0F9C0-CE8B-4FF3-82E2-F0CC08C205A8}.Release|Any CPU.ActiveCfg = Release|Any CPU
		{E8F0F9C0-CE8B-4FF3-82E2-F0CC08C205A8}.Release|Any CPU.Build.0 = Release|Any CPU
		{E8F0F9C0-CE8B-4FF3-82E2-F0CC08C205A8}.Release|x64.ActiveCfg = Release|Any CPU
		{E8F0F9C0-CE8B-4FF3-82E2-F0CC08C205A8}.Release|x64.Build.0 = Release|Any CPU
		{E8F0F9C0-CE8B-4FF3-82E2-F0CC08C205A8}.Release|x86.ActiveCfg = Release|Any CPU
		{E8F0F9C0-CE8B-4FF3-82E2-F0CC08C205A8}.Release|x86.Build.0 = Release|Any CPU
		{B01E86F0-785A-42C7-9D07-6BFF2D34B9D8}.Debug|Any CPU.ActiveCfg = Debug|Any CPU
		{B01E86F0-785A-42C7-9D07-6BFF2D34B9D8}.Debug|Any CPU.Build.0 = Debug|Any CPU
		{B01E86F0-785A-42C7-9D07-6BFF2D34B9D8}.Debug|x64.ActiveCfg = Debug|Any CPU
		{B01E86F0-785A-42C7-9D07-6BFF2D34B9D8}.Debug|x64.Build.0 = Debug|Any CPU
		{B01E86F0-785A-42C7-9D07-6BFF2D34B9D8}.Debug|x86.ActiveCfg = Debug|Any CPU
		{B01E86F0-785A-42C7-9D07-6BFF2D34B9D8}.Debug|x86.Build.0 = Debug|Any CPU
		{B01E86F0-785A-42C7-9D07-6BFF2D34B9D8}.Release|Any CPU.ActiveCfg = Release|Any CPU
		{B01E86F0-785A-42C7-9D07-6BFF2D34B9D8}.Release|Any CPU.Build.0 = Release|Any CPU
		{B01E86F0-785A-42C7-9D07-6BFF2D34B9D8}.Release|x64.ActiveCfg = Release|Any CPU
		{B01E86F0-785A-42C7-9D07-6BFF2D34B9D8}.Release|x64.Build.0 = Release|Any CPU
		{B01E86F0-785A-42C7-9D07-6BFF2D34B9D8}.Release|x86.ActiveCfg = Release|Any CPU
		{B01E86F0-785A-42C7-9D07-6BFF2D34B9D8}.Release|x86.Build.0 = Release|Any CPU
		{D66F8B2C-29FA-4BC2-8199-BA6B79E47F2B}.Debug|Any CPU.ActiveCfg = Debug|Any CPU
		{D66F8B2C-29FA-4BC2-8199-BA6B79E47F2B}.Debug|Any CPU.Build.0 = Debug|Any CPU
		{D66F8B2C-29FA-4BC2-8199-BA6B79E47F2B}.Debug|x64.ActiveCfg = Debug|Any CPU
		{D66F8B2C-29FA-4BC2-8199-BA6B79E47F2B}.Debug|x64.Build.0 = Debug|Any CPU
		{D66F8B2C-29FA-4BC2-8199-BA6B79E47F2B}.Debug|x86.ActiveCfg = Debug|Any CPU
		{D66F8B2C-29FA-4BC2-8199-BA6B79E47F2B}.Debug|x86.Build.0 = Debug|Any CPU
		{D66F8B2C-29FA-4BC2-8199-BA6B79E47F2B}.Release|Any CPU.ActiveCfg = Release|Any CPU
		{D66F8B2C-29FA-4BC2-8199-BA6B79E47F2B}.Release|Any CPU.Build.0 = Release|Any CPU
		{D66F8B2C-29FA-4BC2-8199-BA6B79E47F2B}.Release|x64.ActiveCfg = Release|Any CPU
		{D66F8B2C-29FA-4BC2-8199-BA6B79E47F2B}.Release|x64.Build.0 = Release|Any CPU
		{D66F8B2C-29FA-4BC2-8199-BA6B79E47F2B}.Release|x86.ActiveCfg = Release|Any CPU
		{D66F8B2C-29FA-4BC2-8199-BA6B79E47F2B}.Release|x86.Build.0 = Release|Any CPU
		{F58318A6-58D7-473D-8A49-187167232247}.Debug|Any CPU.ActiveCfg = Debug|Any CPU
		{F58318A6-58D7-473D-8A49-187167232247}.Debug|Any CPU.Build.0 = Debug|Any CPU
		{F58318A6-58D7-473D-8A49-187167232247}.Debug|x64.ActiveCfg = Debug|Any CPU
		{F58318A6-58D7-473D-8A49-187167232247}.Debug|x64.Build.0 = Debug|Any CPU
		{F58318A6-58D7-473D-8A49-187167232247}.Debug|x86.ActiveCfg = Debug|Any CPU
		{F58318A6-58D7-473D-8A49-187167232247}.Debug|x86.Build.0 = Debug|Any CPU
		{F58318A6-58D7-473D-8A49-187167232247}.Release|Any CPU.ActiveCfg = Release|Any CPU
		{F58318A6-58D7-473D-8A49-187167232247}.Release|Any CPU.Build.0 = Release|Any CPU
		{F58318A6-58D7-473D-8A49-187167232247}.Release|x64.ActiveCfg = Release|Any CPU
		{F58318A6-58D7-473D-8A49-187167232247}.Release|x64.Build.0 = Release|Any CPU
		{F58318A6-58D7-473D-8A49-187167232247}.Release|x86.ActiveCfg = Release|Any CPU
		{F58318A6-58D7-473D-8A49-187167232247}.Release|x86.Build.0 = Release|Any CPU
		{3D73C97A-748A-4142-83F9-0B6FC06E6381}.Debug|Any CPU.ActiveCfg = Debug|Any CPU
		{3D73C97A-748A-4142-83F9-0B6FC06E6381}.Debug|Any CPU.Build.0 = Debug|Any CPU
		{3D73C97A-748A-4142-83F9-0B6FC06E6381}.Debug|x64.ActiveCfg = Debug|Any CPU
		{3D73C97A-748A-4142-83F9-0B6FC06E6381}.Debug|x64.Build.0 = Debug|Any CPU
		{3D73C97A-748A-4142-83F9-0B6FC06E6381}.Debug|x86.ActiveCfg = Debug|Any CPU
		{3D73C97A-748A-4142-83F9-0B6FC06E6381}.Debug|x86.Build.0 = Debug|Any CPU
		{3D73C97A-748A-4142-83F9-0B6FC06E6381}.Release|Any CPU.ActiveCfg = Release|Any CPU
		{3D73C97A-748A-4142-83F9-0B6FC06E6381}.Release|Any CPU.Build.0 = Release|Any CPU
		{3D73C97A-748A-4142-83F9-0B6FC06E6381}.Release|x64.ActiveCfg = Release|Any CPU
		{3D73C97A-748A-4142-83F9-0B6FC06E6381}.Release|x64.Build.0 = Release|Any CPU
		{3D73C97A-748A-4142-83F9-0B6FC06E6381}.Release|x86.ActiveCfg = Release|Any CPU
		{3D73C97A-748A-4142-83F9-0B6FC06E6381}.Release|x86.Build.0 = Release|Any CPU
		{D0AEB074-9AFC-424D-97F7-7569EEA65463}.Debug|Any CPU.ActiveCfg = Debug|Any CPU
		{D0AEB074-9AFC-424D-97F7-7569EEA65463}.Debug|Any CPU.Build.0 = Debug|Any CPU
		{D0AEB074-9AFC-424D-97F7-7569EEA65463}.Debug|x64.ActiveCfg = Debug|Any CPU
		{D0AEB074-9AFC-424D-97F7-7569EEA65463}.Debug|x64.Build.0 = Debug|Any CPU
		{D0AEB074-9AFC-424D-97F7-7569EEA65463}.Debug|x86.ActiveCfg = Debug|Any CPU
		{D0AEB074-9AFC-424D-97F7-7569EEA65463}.Debug|x86.Build.0 = Debug|Any CPU
		{D0AEB074-9AFC-424D-97F7-7569EEA65463}.Release|Any CPU.ActiveCfg = Release|Any CPU
		{D0AEB074-9AFC-424D-97F7-7569EEA65463}.Release|Any CPU.Build.0 = Release|Any CPU
		{D0AEB074-9AFC-424D-97F7-7569EEA65463}.Release|x64.ActiveCfg = Release|Any CPU
		{D0AEB074-9AFC-424D-97F7-7569EEA65463}.Release|x64.Build.0 = Release|Any CPU
		{D0AEB074-9AFC-424D-97F7-7569EEA65463}.Release|x86.ActiveCfg = Release|Any CPU
		{D0AEB074-9AFC-424D-97F7-7569EEA65463}.Release|x86.Build.0 = Release|Any CPU
		{D4C7F2E0-8BAC-42D9-8955-9A927D5D8A0D}.Debug|Any CPU.ActiveCfg = Debug|Any CPU
		{D4C7F2E0-8BAC-42D9-8955-9A927D5D8A0D}.Debug|Any CPU.Build.0 = Debug|Any CPU
		{D4C7F2E0-8BAC-42D9-8955-9A927D5D8A0D}.Debug|x64.ActiveCfg = Debug|Any CPU
		{D4C7F2E0-8BAC-42D9-8955-9A927D5D8A0D}.Debug|x64.Build.0 = Debug|Any CPU
		{D4C7F2E0-8BAC-42D9-8955-9A927D5D8A0D}.Debug|x86.ActiveCfg = Debug|Any CPU
		{D4C7F2E0-8BAC-42D9-8955-9A927D5D8A0D}.Debug|x86.Build.0 = Debug|Any CPU
		{D4C7F2E0-8BAC-42D9-8955-9A927D5D8A0D}.Release|Any CPU.ActiveCfg = Release|Any CPU
		{D4C7F2E0-8BAC-42D9-8955-9A927D5D8A0D}.Release|Any CPU.Build.0 = Release|Any CPU
		{D4C7F2E0-8BAC-42D9-8955-9A927D5D8A0D}.Release|x64.ActiveCfg = Release|Any CPU
		{D4C7F2E0-8BAC-42D9-8955-9A927D5D8A0D}.Release|x64.Build.0 = Release|Any CPU
		{D4C7F2E0-8BAC-42D9-8955-9A927D5D8A0D}.Release|x86.ActiveCfg = Release|Any CPU
		{D4C7F2E0-8BAC-42D9-8955-9A927D5D8A0D}.Release|x86.Build.0 = Release|Any CPU
		{677ED894-D411-416C-8196-9203857DF931}.Debug|Any CPU.ActiveCfg = Debug|Any CPU
		{677ED894-D411-416C-8196-9203857DF931}.Debug|Any CPU.Build.0 = Debug|Any CPU
		{677ED894-D411-416C-8196-9203857DF931}.Debug|x64.ActiveCfg = Debug|Any CPU
		{677ED894-D411-416C-8196-9203857DF931}.Debug|x64.Build.0 = Debug|Any CPU
		{677ED894-D411-416C-8196-9203857DF931}.Debug|x86.ActiveCfg = Debug|Any CPU
		{677ED894-D411-416C-8196-9203857DF931}.Debug|x86.Build.0 = Debug|Any CPU
		{677ED894-D411-416C-8196-9203857DF931}.Release|Any CPU.ActiveCfg = Release|Any CPU
		{677ED894-D411-416C-8196-9203857DF931}.Release|Any CPU.Build.0 = Release|Any CPU
		{677ED894-D411-416C-8196-9203857DF931}.Release|x64.ActiveCfg = Release|Any CPU
		{677ED894-D411-416C-8196-9203857DF931}.Release|x64.Build.0 = Release|Any CPU
		{677ED894-D411-416C-8196-9203857DF931}.Release|x86.ActiveCfg = Release|Any CPU
		{677ED894-D411-416C-8196-9203857DF931}.Release|x86.Build.0 = Release|Any CPU
		{E4222567-38F3-4380-B0BA-E49FAA8F75F7}.Debug|Any CPU.ActiveCfg = Debug|Any CPU
		{E4222567-38F3-4380-B0BA-E49FAA8F75F7}.Debug|Any CPU.Build.0 = Debug|Any CPU
		{E4222567-38F3-4380-B0BA-E49FAA8F75F7}.Debug|x64.ActiveCfg = Debug|Any CPU
		{E4222567-38F3-4380-B0BA-E49FAA8F75F7}.Debug|x64.Build.0 = Debug|Any CPU
		{E4222567-38F3-4380-B0BA-E49FAA8F75F7}.Debug|x86.ActiveCfg = Debug|Any CPU
		{E4222567-38F3-4380-B0BA-E49FAA8F75F7}.Debug|x86.Build.0 = Debug|Any CPU
		{E4222567-38F3-4380-B0BA-E49FAA8F75F7}.Release|Any CPU.ActiveCfg = Release|Any CPU
		{E4222567-38F3-4380-B0BA-E49FAA8F75F7}.Release|Any CPU.Build.0 = Release|Any CPU
		{E4222567-38F3-4380-B0BA-E49FAA8F75F7}.Release|x64.ActiveCfg = Release|Any CPU
		{E4222567-38F3-4380-B0BA-E49FAA8F75F7}.Release|x64.Build.0 = Release|Any CPU
		{E4222567-38F3-4380-B0BA-E49FAA8F75F7}.Release|x86.ActiveCfg = Release|Any CPU
		{E4222567-38F3-4380-B0BA-E49FAA8F75F7}.Release|x86.Build.0 = Release|Any CPU
		{E690C6E1-9AA5-46CD-B4AA-A129435AD320}.Debug|Any CPU.ActiveCfg = Debug|Any CPU
		{E690C6E1-9AA5-46CD-B4AA-A129435AD320}.Debug|Any CPU.Build.0 = Debug|Any CPU
		{E690C6E1-9AA5-46CD-B4AA-A129435AD320}.Debug|x64.ActiveCfg = Debug|Any CPU
		{E690C6E1-9AA5-46CD-B4AA-A129435AD320}.Debug|x64.Build.0 = Debug|Any CPU
		{E690C6E1-9AA5-46CD-B4AA-A129435AD320}.Debug|x86.ActiveCfg = Debug|Any CPU
		{E690C6E1-9AA5-46CD-B4AA-A129435AD320}.Debug|x86.Build.0 = Debug|Any CPU
		{E690C6E1-9AA5-46CD-B4AA-A129435AD320}.Release|Any CPU.ActiveCfg = Release|Any CPU
		{E690C6E1-9AA5-46CD-B4AA-A129435AD320}.Release|Any CPU.Build.0 = Release|Any CPU
		{E690C6E1-9AA5-46CD-B4AA-A129435AD320}.Release|x64.ActiveCfg = Release|Any CPU
		{E690C6E1-9AA5-46CD-B4AA-A129435AD320}.Release|x64.Build.0 = Release|Any CPU
		{E690C6E1-9AA5-46CD-B4AA-A129435AD320}.Release|x86.ActiveCfg = Release|Any CPU
		{E690C6E1-9AA5-46CD-B4AA-A129435AD320}.Release|x86.Build.0 = Release|Any CPU
		{EF6B9418-B828-4FE5-8796-F7CC6CA48E23}.Debug|Any CPU.ActiveCfg = Debug|Any CPU
		{EF6B9418-B828-4FE5-8796-F7CC6CA48E23}.Debug|Any CPU.Build.0 = Debug|Any CPU
		{EF6B9418-B828-4FE5-8796-F7CC6CA48E23}.Debug|x64.ActiveCfg = Debug|Any CPU
		{EF6B9418-B828-4FE5-8796-F7CC6CA48E23}.Debug|x64.Build.0 = Debug|Any CPU
		{EF6B9418-B828-4FE5-8796-F7CC6CA48E23}.Debug|x86.ActiveCfg = Debug|Any CPU
		{EF6B9418-B828-4FE5-8796-F7CC6CA48E23}.Debug|x86.Build.0 = Debug|Any CPU
		{EF6B9418-B828-4FE5-8796-F7CC6CA48E23}.Release|Any CPU.ActiveCfg = Release|Any CPU
		{EF6B9418-B828-4FE5-8796-F7CC6CA48E23}.Release|Any CPU.Build.0 = Release|Any CPU
		{EF6B9418-B828-4FE5-8796-F7CC6CA48E23}.Release|x64.ActiveCfg = Release|Any CPU
		{EF6B9418-B828-4FE5-8796-F7CC6CA48E23}.Release|x64.Build.0 = Release|Any CPU
		{EF6B9418-B828-4FE5-8796-F7CC6CA48E23}.Release|x86.ActiveCfg = Release|Any CPU
		{EF6B9418-B828-4FE5-8796-F7CC6CA48E23}.Release|x86.Build.0 = Release|Any CPU
		{42F32BFE-C234-4479-B32C-74373BEA2998}.Debug|Any CPU.ActiveCfg = Debug|Any CPU
		{42F32BFE-C234-4479-B32C-74373BEA2998}.Debug|Any CPU.Build.0 = Debug|Any CPU
		{42F32BFE-C234-4479-B32C-74373BEA2998}.Debug|x64.ActiveCfg = Debug|Any CPU
		{42F32BFE-C234-4479-B32C-74373BEA2998}.Debug|x64.Build.0 = Debug|Any CPU
		{42F32BFE-C234-4479-B32C-74373BEA2998}.Debug|x86.ActiveCfg = Debug|Any CPU
		{42F32BFE-C234-4479-B32C-74373BEA2998}.Debug|x86.Build.0 = Debug|Any CPU
		{42F32BFE-C234-4479-B32C-74373BEA2998}.Release|Any CPU.ActiveCfg = Release|Any CPU
		{42F32BFE-C234-4479-B32C-74373BEA2998}.Release|Any CPU.Build.0 = Release|Any CPU
		{42F32BFE-C234-4479-B32C-74373BEA2998}.Release|x64.ActiveCfg = Release|Any CPU
		{42F32BFE-C234-4479-B32C-74373BEA2998}.Release|x64.Build.0 = Release|Any CPU
		{42F32BFE-C234-4479-B32C-74373BEA2998}.Release|x86.ActiveCfg = Release|Any CPU
		{42F32BFE-C234-4479-B32C-74373BEA2998}.Release|x86.Build.0 = Release|Any CPU
	EndGlobalSection
	GlobalSection(NestedProjects) = preSolution
		{BEFC8A8A-FB9B-40BC-A3E3-3E48B49854FC} = {56D4156D-6FC4-44DB-ACB7-D95D72C11C97}
		{D364762A-9D35-4181-A6BE-A5B6F363D36F} = {56D4156D-6FC4-44DB-ACB7-D95D72C11C97}
		{EC065DDA-DB23-4E3A-8696-2A999E519D37} = {EF5B0846-BB54-4795-B3AF-97B85E82EACA}
		{0D585C05-F461-428C-A55C-F04F63C2FAAE} = {EF5B0846-BB54-4795-B3AF-97B85E82EACA}
		{4E6C805F-2DD2-4729-944D-68329E26CF0E} = {42DDB777-9860-410C-85E9-29BABFD54D98}
		{0165A3C9-C7DD-4792-9A62-EC92B364E4A1} = {42DDB777-9860-410C-85E9-29BABFD54D98}
		{B7AACB85-039A-4444-BED8-0E95685451E7} = {42DDB777-9860-410C-85E9-29BABFD54D98}
		{32C5372F-ABE8-4FEE-81A5-696949280574} = {F92146C3-7900-426A-AE33-56A6106682DA}
		{52475DD4-A9E3-4FF4-B094-4B17A8DF00A8} = {F92146C3-7900-426A-AE33-56A6106682DA}
		{E8F0F9C0-CE8B-4FF3-82E2-F0CC08C205A8} = {52475DD4-A9E3-4FF4-B094-4B17A8DF00A8}
		{B01E86F0-785A-42C7-9D07-6BFF2D34B9D8} = {52475DD4-A9E3-4FF4-B094-4B17A8DF00A8}
		{0BBB9B4C-CAA5-49FE-A5C2-E2B4C16CBC9E} = {F92146C3-7900-426A-AE33-56A6106682DA}
		{D66F8B2C-29FA-4BC2-8199-BA6B79E47F2B} = {0BBB9B4C-CAA5-49FE-A5C2-E2B4C16CBC9E}
		{1996D1B4-2A7A-4533-AA4F-E972D4CA19D5} = {F92146C3-7900-426A-AE33-56A6106682DA}
		{F58318A6-58D7-473D-8A49-187167232247} = {1996D1B4-2A7A-4533-AA4F-E972D4CA19D5}
		{3D73C97A-748A-4142-83F9-0B6FC06E6381} = {1996D1B4-2A7A-4533-AA4F-E972D4CA19D5}
		{D0AEB074-9AFC-424D-97F7-7569EEA65463} = {1996D1B4-2A7A-4533-AA4F-E972D4CA19D5}
		{D4C7F2E0-8BAC-42D9-8955-9A927D5D8A0D} = {EF5B0846-BB54-4795-B3AF-97B85E82EACA}
		{677ED894-D411-416C-8196-9203857DF931} = {0BBB9B4C-CAA5-49FE-A5C2-E2B4C16CBC9E}
		{E4222567-38F3-4380-B0BA-E49FAA8F75F7} = {EF5B0846-BB54-4795-B3AF-97B85E82EACA}
		{E690C6E1-9AA5-46CD-B4AA-A129435AD320} = {0BBB9B4C-CAA5-49FE-A5C2-E2B4C16CBC9E}
		{EF6B9418-B828-4FE5-8796-F7CC6CA48E23} = {EF5B0846-BB54-4795-B3AF-97B85E82EACA}
		{42F32BFE-C234-4479-B32C-74373BEA2998} = {0BBB9B4C-CAA5-49FE-A5C2-E2B4C16CBC9E}
	EndGlobalSection
EndGlobal
